<?xml version="1.0" encoding="utf-8"?>
<Project ToolsVersion="4.0" xmlns="http://schemas.microsoft.com/developer/msbuild/2003">
  <ItemGroup>
    <ClCompile Include="billboard_list.cpp">
      <Filter>Source</Filter>
    </ClCompile>
    <ClCompile Include="ConfigSettings.cpp">
      <Filter>Source</Filter>
    </ClCompile>
    <ClCompile Include="glslprogram.cpp">
      <Filter>Source</Filter>
    </ClCompile>
    <ClCompile Include="glutils.cpp">
      <Filter>Source</Filter>
    </ClCompile>
    <ClCompile Include="Helpers.cpp">
      <Filter>Source</Filter>
    </ClCompile>
    <ClCompile Include="Mesh.cpp">
      <Filter>Source</Filter>
    </ClCompile>
    <ClCompile Include="ogldev_util.cpp">
      <Filter>Source</Filter>
    </ClCompile>
    <ClCompile Include="Projectile.cpp">
      <Filter>Source</Filter>
    </ClCompile>
    <ClCompile Include="ShaderController.cpp">
      <Filter>Source</Filter>
    </ClCompile>
    <ClCompile Include="Texture.cpp">
      <Filter>Source</Filter>
    </ClCompile>
    <ClCompile Include="VAO.cpp">
      <Filter>Source</Filter>
    </ClCompile>
    <ClCompile Include="Window.cpp">
      <Filter>Source</Filter>
    </ClCompile>
    <ClCompile Include="Item.cpp">
      <Filter>Source</Filter>
    </ClCompile>
    <ClCompile Include="Boots.cpp">
      <Filter>Source</Filter>
    </ClCompile>
    <ClCompile Include="RangeWeapon.cpp">
      <Filter>Source</Filter>
    </ClCompile>
    <ClCompile Include="Weapon.cpp">
      <Filter>Source</Filter>
    </ClCompile>
    <ClCompile Include="PlayerChar.cpp">
      <Filter>Source</Filter>
    </ClCompile>
  </ItemGroup>
  <ItemGroup>
    <ClInclude Include="Window.h">
      <Filter>Header</Filter>
    </ClInclude>
    <ClInclude Include="billboard_list.h">
      <Filter>Header</Filter>
    </ClInclude>
    <ClInclude Include="Camera.h">
      <Filter>Header</Filter>
    </ClInclude>
    <ClInclude Include="ConfigSettings.h">
      <Filter>Header</Filter>
    </ClInclude>
    <ClInclude Include="Cube.h">
      <Filter>Header</Filter>
    </ClInclude>
    <ClInclude Include="glslprogram.h">
      <Filter>Header</Filter>
    </ClInclude>
    <ClInclude Include="glutils.h">
      <Filter>Header</Filter>
    </ClInclude>
    <ClInclude Include="Ground.h">
      <Filter>Header</Filter>
    </ClInclude>
    <ClInclude Include="Helpers.h">
      <Filter>Header</Filter>
    </ClInclude>
    <ClInclude Include="JSON_Parse.h">
      <Filter>Header</Filter>
    </ClInclude>
    <ClInclude Include="Mesh.h">
      <Filter>Header</Filter>
    </ClInclude>
    <ClInclude Include="Object.h">
      <Filter>Header</Filter>
    </ClInclude>
    <ClInclude Include="Octree.h">
      <Filter>Header</Filter>
    </ClInclude>
    <ClInclude Include="ogldev_util.h">
      <Filter>Header</Filter>
    </ClInclude>
    <ClInclude Include="ParticleSystem.h">
      <Filter>Header</Filter>
    </ClInclude>
    <ClInclude Include="Projectile.h">
      <Filter>Header</Filter>
    </ClInclude>
    <ClInclude Include="random_texture.h">
      <Filter>Header</Filter>
    </ClInclude>
    <ClInclude Include="Scene.h">
      <Filter>Header</Filter>
    </ClInclude>
    <ClInclude Include="Server.h">
      <Filter>Header</Filter>
    </ClInclude>
    <ClInclude Include="ShaderController.h">
      <Filter>Header</Filter>
    </ClInclude>
    <ClInclude Include="SkyBox.h">
      <Filter>Header</Filter>
    </ClInclude>
    <ClInclude Include="Sound.h">
      <Filter>Header</Filter>
    </ClInclude>
    <ClInclude Include="Sphere.h">
      <Filter>Header</Filter>
    </ClInclude>
    <ClInclude Include="Structures.h">
      <Filter>Header</Filter>
    </ClInclude>
    <ClInclude Include="Texture.h">
      <Filter>Header</Filter>
    </ClInclude>
    <ClInclude Include="TextureScreen.h">
      <Filter>Header</Filter>
    </ClInclude>
    <ClInclude Include="VAO.h">
      <Filter>Header</Filter>
    </ClInclude>
    <ClInclude Include="Boots.h">
      <Filter>Header</Filter>
    </ClInclude>
    <ClInclude Include="Item.h">
      <Filter>Header</Filter>
    </ClInclude>
    <ClInclude Include="RangeWeapon.h">
      <Filter>Header</Filter>
    </ClInclude>
    <ClInclude Include="Weapon.h">
      <Filter>Header</Filter>
    </ClInclude>
    <ClInclude Include="PlayerChar.h">
      <Filter>Header</Filter>
    </ClInclude>
    <ClInclude Include="gameState.h">
      <Filter>Header</Filter>
    </ClInclude>
    <ClInclude Include="Trampoline.h">
      <Filter>Header</Filter>
    </ClInclude>
    <ClInclude Include="constants.h">
      <Filter>Header</Filter>
    </ClInclude>
    <ClInclude Include="Tower.h">
      <Filter>Header</Filter>
    </ClInclude>
    <ClInclude Include="Elevator.h">
      <Filter>Header</Filter>
    </ClInclude>
    <ClInclude Include="Teleporter.h">
      <Filter>Header</Filter>
    </ClInclude>
  </ItemGroup>
  <ItemGroup>
    <Filter Include="Source">
      <UniqueIdentifier>{ac1b8a3f-875f-4826-880d-0891a87837e8}</UniqueIdentifier>
    </Filter>
    <Filter Include="Header">
      <UniqueIdentifier>{9e6ff674-f4ff-48f4-934b-86f93e938cfe}</UniqueIdentifier>
    </Filter>
  </ItemGroup>
</Project>