<?xml version="1.0" encoding="utf-8"?>
<Project ToolsVersion="4.0" xmlns="http://schemas.microsoft.com/developer/msbuild/2003">
  <ItemGroup>
    <ClCompile Include="billboard_list.cpp">
      <Filter>Source</Filter>
    </ClCompile>
    <ClCompile Include="ConfigSettings.cpp">
      <Filter>Source</Filter>
    </ClCompile>
    <ClCompile Include="glslprogram.cpp">
      <Filter>Source</Filter>
    </ClCompile>
    <ClCompile Include="glutils.cpp">
      <Filter>Source</Filter>
    </ClCompile>
    <ClCompile Include="Helpers.cpp">
      <Filter>Source</Filter>
    </ClCompile>
    <ClCompile Include="MD5Animation.cpp">
      <Filter>Source</Filter>
    </ClCompile>
    <ClCompile Include="MD5Model.cpp">
      <Filter>Source</Filter>
    </ClCompile>
    <ClCompile Include="MD5ModelLoaderPCH.cpp">
      <Filter>Source</Filter>
    </ClCompile>
    <ClCompile Include="ogldev_util.cpp">
      <Filter>Source</Filter>
    </ClCompile>
    <ClCompile Include="Mesh.cpp">
      <Filter>Source</Filter>
    </ClCompile>
    <ClCompile Include="Projectile.cpp">
      <Filter>Source</Filter>
    </ClCompile>
    <ClCompile Include="random_texture.cpp">
      <Filter>Source</Filter>
    </ClCompile>
    <ClCompile Include="ShaderController.cpp">
      <Filter>Source</Filter>
    </ClCompile>
    <ClCompile Include="Texture.cpp">
      <Filter>Source</Filter>
    </ClCompile>
    <ClCompile Include="VAO.cpp">
      <Filter>Source</Filter>
    </ClCompile>
    <ClCompile Include="Window.cpp">
      <Filter>Source</Filter>
    </ClCompile>
  </ItemGroup>
  <ItemGroup>
    <ClInclude Include="Window.h">
      <Filter>Header</Filter>
    </ClInclude>
    <ClInclude Include="billboard_list.h">
      <Filter>Header</Filter>
    </ClInclude>
    <ClInclude Include="Camera.h">
      <Filter>Header</Filter>
    </ClInclude>
    <ClInclude Include="Client.h">
      <Filter>Header</Filter>
    </ClInclude>
    <ClInclude Include="ClientState.h">
      <Filter>Header</Filter>
    </ClInclude>
    <ClInclude Include="ConfigSettings.h">
      <Filter>Header</Filter>
    </ClInclude>
    <ClInclude Include="Cube.h">
      <Filter>Header</Filter>
    </ClInclude>
    <ClInclude Include="glslprogram.h">
      <Filter>Header</Filter>
    </ClInclude>
    <ClInclude Include="glutils.h">
      <Filter>Header</Filter>
    </ClInclude>
    <ClInclude Include="Ground.h">
      <Filter>Header</Filter>
    </ClInclude>
    <ClInclude Include="Header.h">
      <Filter>Header</Filter>
    </ClInclude>
    <ClInclude Include="Helpers.h">
      <Filter>Header</Filter>
    </ClInclude>
    <ClInclude Include="JSON_Parse.h">
      <Filter>Header</Filter>
    </ClInclude>
    <ClInclude Include="MD5Animation.h">
      <Filter>Header</Filter>
    </ClInclude>
    <ClInclude Include="MD5Model.h">
      <Filter>Header</Filter>
    </ClInclude>
    <ClInclude Include="MD5ModelLoaderPCH.h">
      <Filter>Header</Filter>
    </ClInclude>
    <ClInclude Include="Mesh.h">
      <Filter>Header</Filter>
    </ClInclude>
    <ClInclude Include="Object.h">
      <Filter>Header</Filter>
    </ClInclude>
    <ClInclude Include="Octree.h">
      <Filter>Header</Filter>
    </ClInclude>
    <ClInclude Include="ogldev_util.h">
      <Filter>Header</Filter>
    </ClInclude>
    <ClInclude Include="ParticleSystem.h">
      <Filter>Header</Filter>
    </ClInclude>
    <ClInclude Include="Projectile.h">
      <Filter>Header</Filter>
    </ClInclude>
    <ClInclude Include="random_texture.h">
      <Filter>Header</Filter>
    </ClInclude>
    <ClInclude Include="Scene.h">
      <Filter>Header</Filter>
    </ClInclude>
    <ClInclude Include="ShaderController.h">
      <Filter>Header</Filter>
    </ClInclude>
    <ClInclude Include="SkyBox.h">
      <Filter>Header</Filter>
    </ClInclude>
    <ClInclude Include="Sound.h">
      <Filter>Header</Filter>
    </ClInclude>
    <ClInclude Include="Sphere.h">
      <Filter>Header</Filter>
    </ClInclude>
    <ClInclude Include="Structures.h">
      <Filter>Header</Filter>
    </ClInclude>
    <ClInclude Include="Texture.h">
      <Filter>Header</Filter>
    </ClInclude>
    <ClInclude Include="TextureScreen.h">
      <Filter>Header</Filter>
    </ClInclude>
    <ClInclude Include="UI.h">
      <Filter>Header</Filter>
    </ClInclude>
    <ClInclude Include="VAO.h">
      <Filter>Header</Filter>
    </ClInclude>
  </ItemGroup>
  <ItemGroup>
    <Filter Include="Source">
      <UniqueIdentifier>{481e201b-3fe4-4cf8-89dd-d182aa907fee}</UniqueIdentifier>
    </Filter>
    <Filter Include="Header">
      <UniqueIdentifier>{21714ed9-80ac-4d01-b1b3-852b545ea5f0}</UniqueIdentifier>
    </Filter>
  </ItemGroup>
</Project>